
Microsoft Visual Studio Solution File, Format Version 12.00
# Visual Studio Version 17
VisualStudioVersion = 17.4.33403.182
MinimumVisualStudioVersion = 10.0.40219.1
Project("{FAE04EC0-301F-11D3-BF4B-00C04F79EFBC}") = "OOO_SportProduct", "OOO_SportProduct\OOO_SportProduct.csproj", "{2132AE45-C1F9-48D4-A658-5FF9C64B6F2F}"
EndProject
Global
	GlobalSection(SolutionConfigurationPlatforms) = preSolution
		Debug|Any CPU = Debug|Any CPU
		Release|Any CPU = Release|Any CPU
	EndGlobalSection
	GlobalSection(ProjectConfigurationPlatforms) = postSolution
		{2132AE45-C1F9-48D4-A658-5FF9C64B6F2F}.Debug|Any CPU.ActiveCfg = Debug|Any CPU
		{2132AE45-C1F9-48D4-A658-5FF9C64B6F2F}.Debug|Any CPU.Build.0 = Debug|Any CPU
		{2132AE45-C1F9-48D4-A658-5FF9C64B6F2F}.Release|Any CPU.ActiveCfg = Release|Any CPU
		{2132AE45-C1F9-48D4-A658-5FF9C64B6F2F}.Release|Any CPU.Build.0 = Release|Any CPU
	EndGlobalSection
	GlobalSection(SolutionProperties) = preSolution
		HideSolutionNode = FALSE
	EndGlobalSection
	GlobalSection(ExtensibilityGlobals) = postSolution
		SolutionGuid = {4D27F909-F97D-4006-AEA0-4914C4730058}
	EndGlobalSection
EndGlobal
